// !$*UTF8*$!
{
	archiveVersion = 1;
	classes = {
	};
	objectVersion = 46;
	objects = {

/* Begin PBXBuildFile section */
		15E11E341EF464C60036CB55 /* GoogleService-Info.plist in Resources */ = {isa = PBXBuildFile; fileRef = 15E11E331EF464C60036CB55 /* GoogleService-Info.plist */; };
		1BDBE7BDC116A6F0E300039E /* Pods_TagDesigner.framework in Frameworks */ = {isa = PBXBuildFile; fileRef = F0EC42C0F30BE86AC97EE6D5 /* Pods_TagDesigner.framework */; };
		798851F41EE07C8E001AF74C /* LogInViewController.swift in Sources */ = {isa = PBXBuildFile; fileRef = 798851F31EE07C8E001AF74C /* LogInViewController.swift */; };
		798BFDC21EE75BB7007BF9AC /* AdSupport.framework in Frameworks */ = {isa = PBXBuildFile; fileRef = 798BFDC11EE75BB7007BF9AC /* AdSupport.framework */; };
		79CFB6F21EE071E6004BCE49 /* NewViewController.swift in Sources */ = {isa = PBXBuildFile; fileRef = 79CFB6F11EE071E6004BCE49 /* NewViewController.swift */; };
		79CFB6F41EE073B5004BCE49 /* SettingsViewController.swift in Sources */ = {isa = PBXBuildFile; fileRef = 79CFB6F31EE073B5004BCE49 /* SettingsViewController.swift */; };
		79F878B31EE0648500516CD7 /* AppDelegate.swift in Sources */ = {isa = PBXBuildFile; fileRef = 79F878B21EE0648500516CD7 /* AppDelegate.swift */; };
		79F878B51EE0648500516CD7 /* ViewController.swift in Sources */ = {isa = PBXBuildFile; fileRef = 79F878B41EE0648500516CD7 /* ViewController.swift */; };
		79F878B81EE0648500516CD7 /* Main.storyboard in Resources */ = {isa = PBXBuildFile; fileRef = 79F878B61EE0648500516CD7 /* Main.storyboard */; };
		79F878BA1EE0648500516CD7 /* Assets.xcassets in Resources */ = {isa = PBXBuildFile; fileRef = 79F878B91EE0648500516CD7 /* Assets.xcassets */; };
		79F878BD1EE0648500516CD7 /* LaunchScreen.storyboard in Resources */ = {isa = PBXBuildFile; fileRef = 79F878BB1EE0648500516CD7 /* LaunchScreen.storyboard */; };
		79F878C81EE0648500516CD7 /* TagDesignerTests.swift in Sources */ = {isa = PBXBuildFile; fileRef = 79F878C71EE0648500516CD7 /* TagDesignerTests.swift */; };
		79F878D31EE0648500516CD7 /* TagDesignerUITests.swift in Sources */ = {isa = PBXBuildFile; fileRef = 79F878D21EE0648500516CD7 /* TagDesignerUITests.swift */; };
		79F878E21EE0676C00516CD7 /* BaseViewController.swift in Sources */ = {isa = PBXBuildFile; fileRef = 79F878E01EE0676C00516CD7 /* BaseViewController.swift */; };
		79F878E31EE0676C00516CD7 /* MenuViewController.swift in Sources */ = {isa = PBXBuildFile; fileRef = 79F878E11EE0676C00516CD7 /* MenuViewController.swift */; };
		C51667EA016D8B838435D471 /* Pods_TagDesignerTests.framework in Frameworks */ = {isa = PBXBuildFile; fileRef = 48028B2B9D8EB8C6556CA937 /* Pods_TagDesignerTests.framework */; };
		C9D775DF7CFAD0F214F3C841 /* Pods_TagDesignerUITests.framework in Frameworks */ = {isa = PBXBuildFile; fileRef = 8CD1EAC0D1667FD7C272E497 /* Pods_TagDesignerUITests.framework */; };
/* End PBXBuildFile section */

/* Begin PBXContainerItemProxy section */
		79F878C41EE0648500516CD7 /* PBXContainerItemProxy */ = {
			isa = PBXContainerItemProxy;
			containerPortal = 79F878A71EE0648500516CD7 /* Project object */;
			proxyType = 1;
			remoteGlobalIDString = 79F878AE1EE0648500516CD7;
			remoteInfo = TagDesigner;
		};
		79F878CF1EE0648500516CD7 /* PBXContainerItemProxy */ = {
			isa = PBXContainerItemProxy;
			containerPortal = 79F878A71EE0648500516CD7 /* Project object */;
			proxyType = 1;
			remoteGlobalIDString = 79F878AE1EE0648500516CD7;
			remoteInfo = TagDesigner;
		};
/* End PBXContainerItemProxy section */

/* Begin PBXFileReference section */
		15E11E331EF464C60036CB55 /* GoogleService-Info.plist */ = {isa = PBXFileReference; fileEncoding = 4; lastKnownFileType = text.plist.xml; name = "GoogleService-Info.plist"; path = "../../../../../Downloads/GoogleService-Info.plist"; sourceTree = "<group>"; };
		3A3AE1D6E5066A728CF014F3 /* Pods-TagDesignerTests.debug.xcconfig */ = {isa = PBXFileReference; includeInIndex = 1; lastKnownFileType = text.xcconfig; name = "Pods-TagDesignerTests.debug.xcconfig"; path = "Pods/Target Support Files/Pods-TagDesignerTests/Pods-TagDesignerTests.debug.xcconfig"; sourceTree = "<group>"; };
		3DDF3DF572A8721E17C113D1 /* Pods-TagDesigner.release.xcconfig */ = {isa = PBXFileReference; includeInIndex = 1; lastKnownFileType = text.xcconfig; name = "Pods-TagDesigner.release.xcconfig"; path = "Pods/Target Support Files/Pods-TagDesigner/Pods-TagDesigner.release.xcconfig"; sourceTree = "<group>"; };
		48028B2B9D8EB8C6556CA937 /* Pods_TagDesignerTests.framework */ = {isa = PBXFileReference; explicitFileType = wrapper.framework; includeInIndex = 0; path = Pods_TagDesignerTests.framework; sourceTree = BUILT_PRODUCTS_DIR; };
		571233A5AC8D1CA2C134CC6C /* Pods-TagDesignerUITests.release.xcconfig */ = {isa = PBXFileReference; includeInIndex = 1; lastKnownFileType = text.xcconfig; name = "Pods-TagDesignerUITests.release.xcconfig"; path = "Pods/Target Support Files/Pods-TagDesignerUITests/Pods-TagDesignerUITests.release.xcconfig"; sourceTree = "<group>"; };
		5AE797994EE32B3F37FAE8C8 /* Pods-TagDesignerUITests.debug.xcconfig */ = {isa = PBXFileReference; includeInIndex = 1; lastKnownFileType = text.xcconfig; name = "Pods-TagDesignerUITests.debug.xcconfig"; path = "Pods/Target Support Files/Pods-TagDesignerUITests/Pods-TagDesignerUITests.debug.xcconfig"; sourceTree = "<group>"; };
		79607A291EE21D0D00317442 /* TagDesigner-Bridging-Header.h */ = {isa = PBXFileReference; lastKnownFileType = sourcecode.c.h; path = "TagDesigner-Bridging-Header.h"; sourceTree = "<group>"; };
		798851F31EE07C8E001AF74C /* LogInViewController.swift */ = {isa = PBXFileReference; fileEncoding = 4; lastKnownFileType = sourcecode.swift; path = LogInViewController.swift; sourceTree = "<group>"; };
		798BFDC01EE7111F007BF9AC /* TagDesigner.entitlements */ = {isa = PBXFileReference; lastKnownFileType = text.plist.entitlements; path = TagDesigner.entitlements; sourceTree = "<group>"; };
		798BFDC11EE75BB7007BF9AC /* AdSupport.framework */ = {isa = PBXFileReference; lastKnownFileType = wrapper.framework; name = AdSupport.framework; path = System/Library/Frameworks/AdSupport.framework; sourceTree = SDKROOT; };
		79CFB6F11EE071E6004BCE49 /* NewViewController.swift */ = {isa = PBXFileReference; fileEncoding = 4; lastKnownFileType = sourcecode.swift; path = NewViewController.swift; sourceTree = "<group>"; };
		79CFB6F31EE073B5004BCE49 /* SettingsViewController.swift */ = {isa = PBXFileReference; fileEncoding = 4; lastKnownFileType = sourcecode.swift; path = SettingsViewController.swift; sourceTree = "<group>"; };
		79F878AF1EE0648500516CD7 /* TagDesigner.app */ = {isa = PBXFileReference; explicitFileType = wrapper.application; includeInIndex = 0; path = TagDesigner.app; sourceTree = BUILT_PRODUCTS_DIR; };
		79F878B21EE0648500516CD7 /* AppDelegate.swift */ = {isa = PBXFileReference; lastKnownFileType = sourcecode.swift; path = AppDelegate.swift; sourceTree = "<group>"; };
		79F878B41EE0648500516CD7 /* ViewController.swift */ = {isa = PBXFileReference; lastKnownFileType = sourcecode.swift; path = ViewController.swift; sourceTree = "<group>"; };
		79F878B71EE0648500516CD7 /* Base */ = {isa = PBXFileReference; lastKnownFileType = file.storyboard; name = Base; path = Base.lproj/Main.storyboard; sourceTree = "<group>"; };
		79F878B91EE0648500516CD7 /* Assets.xcassets */ = {isa = PBXFileReference; lastKnownFileType = folder.assetcatalog; path = Assets.xcassets; sourceTree = "<group>"; };
		79F878BC1EE0648500516CD7 /* Base */ = {isa = PBXFileReference; lastKnownFileType = file.storyboard; name = Base; path = Base.lproj/LaunchScreen.storyboard; sourceTree = "<group>"; };
		79F878BE1EE0648500516CD7 /* Info.plist */ = {isa = PBXFileReference; lastKnownFileType = text.plist.xml; path = Info.plist; sourceTree = "<group>"; };
		79F878C31EE0648500516CD7 /* TagDesignerTests.xctest */ = {isa = PBXFileReference; explicitFileType = wrapper.cfbundle; includeInIndex = 0; path = TagDesignerTests.xctest; sourceTree = BUILT_PRODUCTS_DIR; };
		79F878C71EE0648500516CD7 /* TagDesignerTests.swift */ = {isa = PBXFileReference; lastKnownFileType = sourcecode.swift; path = TagDesignerTests.swift; sourceTree = "<group>"; };
		79F878C91EE0648500516CD7 /* Info.plist */ = {isa = PBXFileReference; lastKnownFileType = text.plist.xml; path = Info.plist; sourceTree = "<group>"; };
		79F878CE1EE0648500516CD7 /* TagDesignerUITests.xctest */ = {isa = PBXFileReference; explicitFileType = wrapper.cfbundle; includeInIndex = 0; path = TagDesignerUITests.xctest; sourceTree = BUILT_PRODUCTS_DIR; };
		79F878D21EE0648500516CD7 /* TagDesignerUITests.swift */ = {isa = PBXFileReference; lastKnownFileType = sourcecode.swift; path = TagDesignerUITests.swift; sourceTree = "<group>"; };
		79F878D41EE0648500516CD7 /* Info.plist */ = {isa = PBXFileReference; lastKnownFileType = text.plist.xml; path = Info.plist; sourceTree = "<group>"; };
		79F878E01EE0676C00516CD7 /* BaseViewController.swift */ = {isa = PBXFileReference; fileEncoding = 4; lastKnownFileType = sourcecode.swift; path = BaseViewController.swift; sourceTree = "<group>"; };
		79F878E11EE0676C00516CD7 /* MenuViewController.swift */ = {isa = PBXFileReference; fileEncoding = 4; lastKnownFileType = sourcecode.swift; path = MenuViewController.swift; sourceTree = "<group>"; };
		8CD1EAC0D1667FD7C272E497 /* Pods_TagDesignerUITests.framework */ = {isa = PBXFileReference; explicitFileType = wrapper.framework; includeInIndex = 0; path = Pods_TagDesignerUITests.framework; sourceTree = BUILT_PRODUCTS_DIR; };
		A820360522BC5DCD06AB4395 /* Pods-TagDesignerTests.release.xcconfig */ = {isa = PBXFileReference; includeInIndex = 1; lastKnownFileType = text.xcconfig; name = "Pods-TagDesignerTests.release.xcconfig"; path = "Pods/Target Support Files/Pods-TagDesignerTests/Pods-TagDesignerTests.release.xcconfig"; sourceTree = "<group>"; };
		F0EC42C0F30BE86AC97EE6D5 /* Pods_TagDesigner.framework */ = {isa = PBXFileReference; explicitFileType = wrapper.framework; includeInIndex = 0; path = Pods_TagDesigner.framework; sourceTree = BUILT_PRODUCTS_DIR; };
		FBB913EE5EAE64595F84D9D5 /* Pods-TagDesigner.debug.xcconfig */ = {isa = PBXFileReference; includeInIndex = 1; lastKnownFileType = text.xcconfig; name = "Pods-TagDesigner.debug.xcconfig"; path = "Pods/Target Support Files/Pods-TagDesigner/Pods-TagDesigner.debug.xcconfig"; sourceTree = "<group>"; };
/* End PBXFileReference section */

/* Begin PBXFrameworksBuildPhase section */
		79F878AC1EE0648500516CD7 /* Frameworks */ = {
			isa = PBXFrameworksBuildPhase;
			buildActionMask = 2147483647;
			files = (
				798BFDC21EE75BB7007BF9AC /* AdSupport.framework in Frameworks */,
				1BDBE7BDC116A6F0E300039E /* Pods_TagDesigner.framework in Frameworks */,
			);
			runOnlyForDeploymentPostprocessing = 0;
		};
		79F878C01EE0648500516CD7 /* Frameworks */ = {
			isa = PBXFrameworksBuildPhase;
			buildActionMask = 2147483647;
			files = (
				C51667EA016D8B838435D471 /* Pods_TagDesignerTests.framework in Frameworks */,
			);
			runOnlyForDeploymentPostprocessing = 0;
		};
		79F878CB1EE0648500516CD7 /* Frameworks */ = {
			isa = PBXFrameworksBuildPhase;
			buildActionMask = 2147483647;
			files = (
				C9D775DF7CFAD0F214F3C841 /* Pods_TagDesignerUITests.framework in Frameworks */,
			);
			runOnlyForDeploymentPostprocessing = 0;
		};
/* End PBXFrameworksBuildPhase section */

/* Begin PBXGroup section */
		511DD4BD52B597EABE95AFB5 /* Pods */ = {
			isa = PBXGroup;
			children = (
				FBB913EE5EAE64595F84D9D5 /* Pods-TagDesigner.debug.xcconfig */,
				3DDF3DF572A8721E17C113D1 /* Pods-TagDesigner.release.xcconfig */,
				3A3AE1D6E5066A728CF014F3 /* Pods-TagDesignerTests.debug.xcconfig */,
				A820360522BC5DCD06AB4395 /* Pods-TagDesignerTests.release.xcconfig */,
				5AE797994EE32B3F37FAE8C8 /* Pods-TagDesignerUITests.debug.xcconfig */,
				571233A5AC8D1CA2C134CC6C /* Pods-TagDesignerUITests.release.xcconfig */,
			);
			name = Pods;
			sourceTree = "<group>";
		};
		79CFB6F01EE071AC004BCE49 /* Controlls */ = {
			isa = PBXGroup;
			children = (
				79F878B41EE0648500516CD7 /* ViewController.swift */,
				79F878E01EE0676C00516CD7 /* BaseViewController.swift */,
				79F878E11EE0676C00516CD7 /* MenuViewController.swift */,
				79CFB6F11EE071E6004BCE49 /* NewViewController.swift */,
				79CFB6F31EE073B5004BCE49 /* SettingsViewController.swift */,
				798851F31EE07C8E001AF74C /* LogInViewController.swift */,
			);
			name = Controlls;
			sourceTree = "<group>";
		};
		79F878A61EE0648500516CD7 = {
			isa = PBXGroup;
			children = (
				79F878B11EE0648500516CD7 /* TagDesigner */,
				79F878C61EE0648500516CD7 /* TagDesignerTests */,
				79F878D11EE0648500516CD7 /* TagDesignerUITests */,
				79F878B01EE0648500516CD7 /* Products */,
				511DD4BD52B597EABE95AFB5 /* Pods */,
				95B17ED855D301EE77747C6A /* Frameworks */,
			);
			sourceTree = "<group>";
		};
		79F878B01EE0648500516CD7 /* Products */ = {
			isa = PBXGroup;
			children = (
				79F878AF1EE0648500516CD7 /* TagDesigner.app */,
				79F878C31EE0648500516CD7 /* TagDesignerTests.xctest */,
				79F878CE1EE0648500516CD7 /* TagDesignerUITests.xctest */,
			);
			name = Products;
			sourceTree = "<group>";
		};
		79F878B11EE0648500516CD7 /* TagDesigner */ = {
			isa = PBXGroup;
			children = (
				798BFDC01EE7111F007BF9AC /* TagDesigner.entitlements */,
				79CFB6F01EE071AC004BCE49 /* Controlls */,
				79F878B21EE0648500516CD7 /* AppDelegate.swift */,
				79F878B61EE0648500516CD7 /* Main.storyboard */,
				79F878B91EE0648500516CD7 /* Assets.xcassets */,
				79F878BB1EE0648500516CD7 /* LaunchScreen.storyboard */,
				79F878BE1EE0648500516CD7 /* Info.plist */,
				79607A291EE21D0D00317442 /* TagDesigner-Bridging-Header.h */,
				15E11E331EF464C60036CB55 /* GoogleService-Info.plist */,
			);
			path = TagDesigner;
			sourceTree = "<group>";
		};
		79F878C61EE0648500516CD7 /* TagDesignerTests */ = {
			isa = PBXGroup;
			children = (
				79F878C71EE0648500516CD7 /* TagDesignerTests.swift */,
				79F878C91EE0648500516CD7 /* Info.plist */,
			);
			path = TagDesignerTests;
			sourceTree = "<group>";
		};
		79F878D11EE0648500516CD7 /* TagDesignerUITests */ = {
			isa = PBXGroup;
			children = (
				79F878D21EE0648500516CD7 /* TagDesignerUITests.swift */,
				79F878D41EE0648500516CD7 /* Info.plist */,
			);
			path = TagDesignerUITests;
			sourceTree = "<group>";
		};
		95B17ED855D301EE77747C6A /* Frameworks */ = {
			isa = PBXGroup;
			children = (
				798BFDC11EE75BB7007BF9AC /* AdSupport.framework */,
				F0EC42C0F30BE86AC97EE6D5 /* Pods_TagDesigner.framework */,
				48028B2B9D8EB8C6556CA937 /* Pods_TagDesignerTests.framework */,
				8CD1EAC0D1667FD7C272E497 /* Pods_TagDesignerUITests.framework */,
			);
			name = Frameworks;
			sourceTree = "<group>";
		};
/* End PBXGroup section */

/* Begin PBXNativeTarget section */
		79F878AE1EE0648500516CD7 /* TagDesigner */ = {
			isa = PBXNativeTarget;
			buildConfigurationList = 79F878D71EE0648500516CD7 /* Build configuration list for PBXNativeTarget "TagDesigner" */;
			buildPhases = (
				4262796ABB410FFED5269E33 /* [CP] Check Pods Manifest.lock */,
				79F878AB1EE0648500516CD7 /* Sources */,
				79F878AC1EE0648500516CD7 /* Frameworks */,
				79F878AD1EE0648500516CD7 /* Resources */,
				1AF1E43537B28D7A7A0336D6 /* [CP] Embed Pods Frameworks */,
				0A3C87C3E5573DE0F843D3F6 /* [CP] Copy Pods Resources */,
			);
			buildRules = (
			);
			dependencies = (
			);
			name = TagDesigner;
			productName = TagDesigner;
			productReference = 79F878AF1EE0648500516CD7 /* TagDesigner.app */;
			productType = "com.apple.product-type.application";
		};
		79F878C21EE0648500516CD7 /* TagDesignerTests */ = {
			isa = PBXNativeTarget;
			buildConfigurationList = 79F878DA1EE0648500516CD7 /* Build configuration list for PBXNativeTarget "TagDesignerTests" */;
			buildPhases = (
				8F21F3A819CB57A797D95D14 /* [CP] Check Pods Manifest.lock */,
				79F878BF1EE0648500516CD7 /* Sources */,
				79F878C01EE0648500516CD7 /* Frameworks */,
				79F878C11EE0648500516CD7 /* Resources */,
				6B928F4493A7A06C9DB93BE7 /* [CP] Embed Pods Frameworks */,
				6425FB80A6421AA144F82B10 /* [CP] Copy Pods Resources */,
			);
			buildRules = (
			);
			dependencies = (
				79F878C51EE0648500516CD7 /* PBXTargetDependency */,
			);
			name = TagDesignerTests;
			productName = TagDesignerTests;
			productReference = 79F878C31EE0648500516CD7 /* TagDesignerTests.xctest */;
			productType = "com.apple.product-type.bundle.unit-test";
		};
		79F878CD1EE0648500516CD7 /* TagDesignerUITests */ = {
			isa = PBXNativeTarget;
			buildConfigurationList = 79F878DD1EE0648500516CD7 /* Build configuration list for PBXNativeTarget "TagDesignerUITests" */;
			buildPhases = (
				3A011D799AF8AE75B95CEC56 /* [CP] Check Pods Manifest.lock */,
				79F878CA1EE0648500516CD7 /* Sources */,
				79F878CB1EE0648500516CD7 /* Frameworks */,
				79F878CC1EE0648500516CD7 /* Resources */,
				43E3BA058358C9087439E4B8 /* [CP] Embed Pods Frameworks */,
				F8C3FFF8C9E928E63293A75C /* [CP] Copy Pods Resources */,
			);
			buildRules = (
			);
			dependencies = (
				79F878D01EE0648500516CD7 /* PBXTargetDependency */,
			);
			name = TagDesignerUITests;
			productName = TagDesignerUITests;
			productReference = 79F878CE1EE0648500516CD7 /* TagDesignerUITests.xctest */;
			productType = "com.apple.product-type.bundle.ui-testing";
		};
/* End PBXNativeTarget section */

/* Begin PBXProject section */
		79F878A71EE0648500516CD7 /* Project object */ = {
			isa = PBXProject;
			attributes = {
				LastSwiftUpdateCheck = 0830;
				LastUpgradeCheck = 0830;
				ORGANIZATIONNAME = "William Cuc";
				TargetAttributes = {
					79F878AE1EE0648500516CD7 = {
						CreatedOnToolsVersion = 8.3.2;
						DevelopmentTeam = PCSQWGA23G;
						LastSwiftMigration = 0830;
						ProvisioningStyle = Automatic;
						SystemCapabilities = {
							com.apple.Keychain = {
								enabled = 0;
							};
						};
					};
					79F878C21EE0648500516CD7 = {
						CreatedOnToolsVersion = 8.3.2;
						DevelopmentTeam = PCSQWGA23G;
						ProvisioningStyle = Automatic;
						TestTargetID = 79F878AE1EE0648500516CD7;
					};
					79F878CD1EE0648500516CD7 = {
						CreatedOnToolsVersion = 8.3.2;
						DevelopmentTeam = PCSQWGA23G;
						ProvisioningStyle = Automatic;
						TestTargetID = 79F878AE1EE0648500516CD7;
					};
				};
			};
			buildConfigurationList = 79F878AA1EE0648500516CD7 /* Build configuration list for PBXProject "TagDesigner" */;
			compatibilityVersion = "Xcode 3.2";
			developmentRegion = English;
			hasScannedForEncodings = 0;
			knownRegions = (
				en,
				Base,
			);
			mainGroup = 79F878A61EE0648500516CD7;
			productRefGroup = 79F878B01EE0648500516CD7 /* Products */;
			projectDirPath = "";
			projectRoot = "";
			targets = (
				79F878AE1EE0648500516CD7 /* TagDesigner */,
				79F878C21EE0648500516CD7 /* TagDesignerTests */,
				79F878CD1EE0648500516CD7 /* TagDesignerUITests */,
			);
		};
/* End PBXProject section */

/* Begin PBXResourcesBuildPhase section */
		79F878AD1EE0648500516CD7 /* Resources */ = {
			isa = PBXResourcesBuildPhase;
			buildActionMask = 2147483647;
			files = (
				79F878BD1EE0648500516CD7 /* LaunchScreen.storyboard in Resources */,
				15E11E341EF464C60036CB55 /* GoogleService-Info.plist in Resources */,
				79F878BA1EE0648500516CD7 /* Assets.xcassets in Resources */,
				79F878B81EE0648500516CD7 /* Main.storyboard in Resources */,
			);
			runOnlyForDeploymentPostprocessing = 0;
		};
		79F878C11EE0648500516CD7 /* Resources */ = {
			isa = PBXResourcesBuildPhase;
			buildActionMask = 2147483647;
			files = (
			);
			runOnlyForDeploymentPostprocessing = 0;
		};
		79F878CC1EE0648500516CD7 /* Resources */ = {
			isa = PBXResourcesBuildPhase;
			buildActionMask = 2147483647;
			files = (
			);
			runOnlyForDeploymentPostprocessing = 0;
		};
/* End PBXResourcesBuildPhase section */

/* Begin PBXShellScriptBuildPhase section */
		0A3C87C3E5573DE0F843D3F6 /* [CP] Copy Pods Resources */ = {
			isa = PBXShellScriptBuildPhase;
			buildActionMask = 2147483647;
			files = (
			);
			inputPaths = (
			);
			name = "[CP] Copy Pods Resources";
			outputPaths = (
			);
			runOnlyForDeploymentPostprocessing = 0;
			shellPath = /bin/sh;
			shellScript = "\"${SRCROOT}/Pods/Target Support Files/Pods-TagDesigner/Pods-TagDesigner-resources.sh\"\n";
			showEnvVarsInLog = 0;
		};
		1AF1E43537B28D7A7A0336D6 /* [CP] Embed Pods Frameworks */ = {
			isa = PBXShellScriptBuildPhase;
			buildActionMask = 2147483647;
			files = (
			);
			inputPaths = (
			);
			name = "[CP] Embed Pods Frameworks";
			outputPaths = (
			);
			runOnlyForDeploymentPostprocessing = 0;
			shellPath = /bin/sh;
			shellScript = "\"${SRCROOT}/Pods/Target Support Files/Pods-TagDesigner/Pods-TagDesigner-frameworks.sh\"\n";
			showEnvVarsInLog = 0;
		};
		3A011D799AF8AE75B95CEC56 /* [CP] Check Pods Manifest.lock */ = {
			isa = PBXShellScriptBuildPhase;
			buildActionMask = 2147483647;
			files = (
			);
			inputPaths = (
			);
			name = "[CP] Check Pods Manifest.lock";
			outputPaths = (
			);
			runOnlyForDeploymentPostprocessing = 0;
			shellPath = /bin/sh;
			shellScript = "diff \"${PODS_PODFILE_DIR_PATH}/Podfile.lock\" \"${PODS_ROOT}/Manifest.lock\" > /dev/null\nif [ $? != 0 ] ; then\n    # print error to STDERR\n    echo \"error: The sandbox is not in sync with the Podfile.lock. Run 'pod install' or update your CocoaPods installation.\" >&2\n    exit 1\nfi\n";
			showEnvVarsInLog = 0;
		};
		4262796ABB410FFED5269E33 /* [CP] Check Pods Manifest.lock */ = {
			isa = PBXShellScriptBuildPhase;
			buildActionMask = 2147483647;
			files = (
			);
			inputPaths = (
			);
			name = "[CP] Check Pods Manifest.lock";
			outputPaths = (
			);
			runOnlyForDeploymentPostprocessing = 0;
			shellPath = /bin/sh;
			shellScript = "diff \"${PODS_PODFILE_DIR_PATH}/Podfile.lock\" \"${PODS_ROOT}/Manifest.lock\" > /dev/null\nif [ $? != 0 ] ; then\n    # print error to STDERR\n    echo \"error: The sandbox is not in sync with the Podfile.lock. Run 'pod install' or update your CocoaPods installation.\" >&2\n    exit 1\nfi\n";
			showEnvVarsInLog = 0;
		};
		43E3BA058358C9087439E4B8 /* [CP] Embed Pods Frameworks */ = {
			isa = PBXShellScriptBuildPhase;
			buildActionMask = 2147483647;
			files = (
			);
			inputPaths = (
			);
			name = "[CP] Embed Pods Frameworks";
			outputPaths = (
			);
			runOnlyForDeploymentPostprocessing = 0;
			shellPath = /bin/sh;
			shellScript = "\"${SRCROOT}/Pods/Target Support Files/Pods-TagDesignerUITests/Pods-TagDesignerUITests-frameworks.sh\"\n";
			showEnvVarsInLog = 0;
		};
		6425FB80A6421AA144F82B10 /* [CP] Copy Pods Resources */ = {
			isa = PBXShellScriptBuildPhase;
			buildActionMask = 2147483647;
			files = (
			);
			inputPaths = (
			);
			name = "[CP] Copy Pods Resources";
			outputPaths = (
			);
			runOnlyForDeploymentPostprocessing = 0;
			shellPath = /bin/sh;
			shellScript = "\"${SRCROOT}/Pods/Target Support Files/Pods-TagDesignerTests/Pods-TagDesignerTests-resources.sh\"\n";
			showEnvVarsInLog = 0;
		};
		6B928F4493A7A06C9DB93BE7 /* [CP] Embed Pods Frameworks */ = {
			isa = PBXShellScriptBuildPhase;
			buildActionMask = 2147483647;
			files = (
			);
			inputPaths = (
			);
			name = "[CP] Embed Pods Frameworks";
			outputPaths = (
			);
			runOnlyForDeploymentPostprocessing = 0;
			shellPath = /bin/sh;
			shellScript = "\"${SRCROOT}/Pods/Target Support Files/Pods-TagDesignerTests/Pods-TagDesignerTests-frameworks.sh\"\n";
			showEnvVarsInLog = 0;
		};
		8F21F3A819CB57A797D95D14 /* [CP] Check Pods Manifest.lock */ = {
			isa = PBXShellScriptBuildPhase;
			buildActionMask = 2147483647;
			files = (
			);
			inputPaths = (
			);
			name = "[CP] Check Pods Manifest.lock";
			outputPaths = (
			);
			runOnlyForDeploymentPostprocessing = 0;
			shellPath = /bin/sh;
			shellScript = "diff \"${PODS_PODFILE_DIR_PATH}/Podfile.lock\" \"${PODS_ROOT}/Manifest.lock\" > /dev/null\nif [ $? != 0 ] ; then\n    # print error to STDERR\n    echo \"error: The sandbox is not in sync with the Podfile.lock. Run 'pod install' or update your CocoaPods installation.\" >&2\n    exit 1\nfi\n";
			showEnvVarsInLog = 0;
		};
		F8C3FFF8C9E928E63293A75C /* [CP] Copy Pods Resources */ = {
			isa = PBXShellScriptBuildPhase;
			buildActionMask = 2147483647;
			files = (
			);
			inputPaths = (
			);
			name = "[CP] Copy Pods Resources";
			outputPaths = (
			);
			runOnlyForDeploymentPostprocessing = 0;
			shellPath = /bin/sh;
			shellScript = "\"${SRCROOT}/Pods/Target Support Files/Pods-TagDesignerUITests/Pods-TagDesignerUITests-resources.sh\"\n";
			showEnvVarsInLog = 0;
		};
/* End PBXShellScriptBuildPhase section */

/* Begin PBXSourcesBuildPhase section */
		79F878AB1EE0648500516CD7 /* Sources */ = {
			isa = PBXSourcesBuildPhase;
			buildActionMask = 2147483647;
			files = (
				79F878B51EE0648500516CD7 /* ViewController.swift in Sources */,
				79F878B31EE0648500516CD7 /* AppDelegate.swift in Sources */,
				79CFB6F21EE071E6004BCE49 /* NewViewController.swift in Sources */,
				798851F41EE07C8E001AF74C /* LogInViewController.swift in Sources */,
				79F878E21EE0676C00516CD7 /* BaseViewController.swift in Sources */,
				79F878E31EE0676C00516CD7 /* MenuViewController.swift in Sources */,
				79CFB6F41EE073B5004BCE49 /* SettingsViewController.swift in Sources */,
			);
			runOnlyForDeploymentPostprocessing = 0;
		};
		79F878BF1EE0648500516CD7 /* Sources */ = {
			isa = PBXSourcesBuildPhase;
			buildActionMask = 2147483647;
			files = (
				79F878C81EE0648500516CD7 /* TagDesignerTests.swift in Sources */,
			);
			runOnlyForDeploymentPostprocessing = 0;
		};
		79F878CA1EE0648500516CD7 /* Sources */ = {
			isa = PBXSourcesBuildPhase;
			buildActionMask = 2147483647;
			files = (
				79F878D31EE0648500516CD7 /* TagDesignerUITests.swift in Sources */,
			);
			runOnlyForDeploymentPostprocessing = 0;
		};
/* End PBXSourcesBuildPhase section */

/* Begin PBXTargetDependency section */
		79F878C51EE0648500516CD7 /* PBXTargetDependency */ = {
			isa = PBXTargetDependency;
			target = 79F878AE1EE0648500516CD7 /* TagDesigner */;
			targetProxy = 79F878C41EE0648500516CD7 /* PBXContainerItemProxy */;
		};
		79F878D01EE0648500516CD7 /* PBXTargetDependency */ = {
			isa = PBXTargetDependency;
			target = 79F878AE1EE0648500516CD7 /* TagDesigner */;
			targetProxy = 79F878CF1EE0648500516CD7 /* PBXContainerItemProxy */;
		};
/* End PBXTargetDependency section */

/* Begin PBXVariantGroup section */
		79F878B61EE0648500516CD7 /* Main.storyboard */ = {
			isa = PBXVariantGroup;
			children = (
				79F878B71EE0648500516CD7 /* Base */,
			);
			name = Main.storyboard;
			sourceTree = "<group>";
		};
		79F878BB1EE0648500516CD7 /* LaunchScreen.storyboard */ = {
			isa = PBXVariantGroup;
			children = (
				79F878BC1EE0648500516CD7 /* Base */,
			);
			name = LaunchScreen.storyboard;
			sourceTree = "<group>";
		};
/* End PBXVariantGroup section */

/* Begin XCBuildConfiguration section */
		79F878D51EE0648500516CD7 /* Debug */ = {
			isa = XCBuildConfiguration;
			buildSettings = {
				ALWAYS_SEARCH_USER_PATHS = NO;
				CLANG_ANALYZER_NONNULL = YES;
				CLANG_ANALYZER_NUMBER_OBJECT_CONVERSION = YES_AGGRESSIVE;
				CLANG_CXX_LANGUAGE_STANDARD = "gnu++0x";
				CLANG_CXX_LIBRARY = "libc++";
				CLANG_ENABLE_MODULES = YES;
				CLANG_ENABLE_OBJC_ARC = YES;
				CLANG_WARN_BOOL_CONVERSION = YES;
				CLANG_WARN_CONSTANT_CONVERSION = YES;
				CLANG_WARN_DIRECT_OBJC_ISA_USAGE = YES_ERROR;
				CLANG_WARN_DOCUMENTATION_COMMENTS = YES;
				CLANG_WARN_EMPTY_BODY = YES;
				CLANG_WARN_ENUM_CONVERSION = YES;
				CLANG_WARN_INFINITE_RECURSION = YES;
				CLANG_WARN_INT_CONVERSION = YES;
				CLANG_WARN_OBJC_ROOT_CLASS = YES_ERROR;
				CLANG_WARN_SUSPICIOUS_MOVE = YES;
				CLANG_WARN_UNREACHABLE_CODE = YES;
				CLANG_WARN__DUPLICATE_METHOD_MATCH = YES;
				"CODE_SIGN_IDENTITY[sdk=iphoneos*]" = "iPhone Developer";
				COPY_PHASE_STRIP = NO;
				DEBUG_INFORMATION_FORMAT = dwarf;
				ENABLE_STRICT_OBJC_MSGSEND = YES;
				ENABLE_TESTABILITY = YES;
				GCC_C_LANGUAGE_STANDARD = gnu99;
				GCC_DYNAMIC_NO_PIC = NO;
				GCC_NO_COMMON_BLOCKS = YES;
				GCC_OPTIMIZATION_LEVEL = 0;
				GCC_PREPROCESSOR_DEFINITIONS = (
					"DEBUG=1",
					"$(inherited)",
				);
				GCC_WARN_64_TO_32_BIT_CONVERSION = YES;
				GCC_WARN_ABOUT_RETURN_TYPE = YES_ERROR;
				GCC_WARN_UNDECLARED_SELECTOR = YES;
				GCC_WARN_UNINITIALIZED_AUTOS = YES_AGGRESSIVE;
				GCC_WARN_UNUSED_FUNCTION = YES;
				GCC_WARN_UNUSED_VARIABLE = YES;
				IPHONEOS_DEPLOYMENT_TARGET = 10.3;
				MTL_ENABLE_DEBUG_INFO = YES;
				ONLY_ACTIVE_ARCH = YES;
				SDKROOT = iphoneos;
				SWIFT_ACTIVE_COMPILATION_CONDITIONS = DEBUG;
				SWIFT_OPTIMIZATION_LEVEL = "-Onone";
				TARGETED_DEVICE_FAMILY = "1,2";
			};
			name = Debug;
		};
		79F878D61EE0648500516CD7 /* Release */ = {
			isa = XCBuildConfiguration;
			buildSettings = {
				ALWAYS_SEARCH_USER_PATHS = NO;
				CLANG_ANALYZER_NONNULL = YES;
				CLANG_ANALYZER_NUMBER_OBJECT_CONVERSION = YES_AGGRESSIVE;
				CLANG_CXX_LANGUAGE_STANDARD = "gnu++0x";
				CLANG_CXX_LIBRARY = "libc++";
				CLANG_ENABLE_MODULES = YES;
				CLANG_ENABLE_OBJC_ARC = YES;
				CLANG_WARN_BOOL_CONVERSION = YES;
				CLANG_WARN_CONSTANT_CONVERSION = YES;
				CLANG_WARN_DIRECT_OBJC_ISA_USAGE = YES_ERROR;
				CLANG_WARN_DOCUMENTATION_COMMENTS = YES;
				CLANG_WARN_EMPTY_BODY = YES;
				CLANG_WARN_ENUM_CONVERSION = YES;
				CLANG_WARN_INFINITE_RECURSION = YES;
				CLANG_WARN_INT_CONVERSION = YES;
				CLANG_WARN_OBJC_ROOT_CLASS = YES_ERROR;
				CLANG_WARN_SUSPICIOUS_MOVE = YES;
				CLANG_WARN_UNREACHABLE_CODE = YES;
				CLANG_WARN__DUPLICATE_METHOD_MATCH = YES;
				"CODE_SIGN_IDENTITY[sdk=iphoneos*]" = "iPhone Developer";
				COPY_PHASE_STRIP = NO;
				DEBUG_INFORMATION_FORMAT = "dwarf-with-dsym";
				ENABLE_NS_ASSERTIONS = NO;
				ENABLE_STRICT_OBJC_MSGSEND = YES;
				GCC_C_LANGUAGE_STANDARD = gnu99;
				GCC_NO_COMMON_BLOCKS = YES;
				GCC_WARN_64_TO_32_BIT_CONVERSION = YES;
				GCC_WARN_ABOUT_RETURN_TYPE = YES_ERROR;
				GCC_WARN_UNDECLARED_SELECTOR = YES;
				GCC_WARN_UNINITIALIZED_AUTOS = YES_AGGRESSIVE;
				GCC_WARN_UNUSED_FUNCTION = YES;
				GCC_WARN_UNUSED_VARIABLE = YES;
				IPHONEOS_DEPLOYMENT_TARGET = 10.3;
				MTL_ENABLE_DEBUG_INFO = NO;
				SDKROOT = iphoneos;
				SWIFT_OPTIMIZATION_LEVEL = "-Owholemodule";
				TARGETED_DEVICE_FAMILY = "1,2";
				VALIDATE_PRODUCT = YES;
			};
			name = Release;
		};
		79F878D81EE0648500516CD7 /* Debug */ = {
			isa = XCBuildConfiguration;
			baseConfigurationReference = FBB913EE5EAE64595F84D9D5 /* Pods-TagDesigner.debug.xcconfig */;
			buildSettings = {
				ASSETCATALOG_COMPILER_APPICON_NAME = AppIcon;
				CLANG_ENABLE_MODULES = YES;
				DEVELOPMENT_TEAM = PCSQWGA23G;
				FRAMEWORK_SEARCH_PATHS = (
					"$(inherited)",
					"$(PROJECT_DIR)/TagDesigner",
				);
				INFOPLIST_FILE = TagDesigner/Info.plist;
				LD_RUNPATH_SEARCH_PATHS = "$(inherited) @executable_path/Frameworks";
				PRODUCT_BUNDLE_IDENTIFIER = com.TitonSoft.TagDesigner;
				PRODUCT_NAME = "$(TARGET_NAME)";
				SWIFT_OBJC_BRIDGING_HEADER = "TagDesigner/TagDesigner-Bridging-Header.h";
				SWIFT_OPTIMIZATION_LEVEL = "-Onone";
				SWIFT_VERSION = 3.0;
			};
			name = Debug;
		};
		79F878D91EE0648500516CD7 /* Release */ = {
			isa = XCBuildConfiguration;
			baseConfigurationReference = 3DDF3DF572A8721E17C113D1 /* Pods-TagDesigner.release.xcconfig */;
			buildSettings = {
				ASSETCATALOG_COMPILER_APPICON_NAME = AppIcon;
				CLANG_ENABLE_MODULES = YES;
				DEVELOPMENT_TEAM = PCSQWGA23G;
				FRAMEWORK_SEARCH_PATHS = (
					"$(inherited)",
					"$(PROJECT_DIR)/TagDesigner",
				);
				INFOPLIST_FILE = TagDesigner/Info.plist;
				LD_RUNPATH_SEARCH_PATHS = "$(inherited) @executable_path/Frameworks";
				PRODUCT_BUNDLE_IDENTIFIER = com.TitonSoft.TagDesigner;
				PRODUCT_NAME = "$(TARGET_NAME)";
				SWIFT_OBJC_BRIDGING_HEADER = "TagDesigner/TagDesigner-Bridging-Header.h";
				SWIFT_VERSION = 3.0;
			};
			name = Release;
		};
		79F878DB1EE0648500516CD7 /* Debug */ = {
			isa = XCBuildConfiguration;
			baseConfigurationReference = 3A3AE1D6E5066A728CF014F3 /* Pods-TagDesignerTests.debug.xcconfig */;
			buildSettings = {
				ALWAYS_EMBED_SWIFT_STANDARD_LIBRARIES = YES;
				BUNDLE_LOADER = "$(TEST_HOST)";
				DEVELOPMENT_TEAM = PCSQWGA23G;
				INFOPLIST_FILE = TagDesignerTests/Info.plist;
				LD_RUNPATH_SEARCH_PATHS = "$(inherited) @executable_path/Frameworks @loader_path/Frameworks";
				PRODUCT_BUNDLE_IDENTIFIER = com.TitonSoft.TagDesignerTests;
				PRODUCT_NAME = "$(TARGET_NAME)";
				SWIFT_VERSION = 3.0;
				TEST_HOST = "$(BUILT_PRODUCTS_DIR)/TagDesigner.app/TagDesigner";
			};
			name = Debug;
		};
		79F878DC1EE0648500516CD7 /* Release */ = {
			isa = XCBuildConfiguration;
			baseConfigurationReference = A820360522BC5DCD06AB4395 /* Pods-TagDesignerTests.release.xcconfig */;
			buildSettings = {
				ALWAYS_EMBED_SWIFT_STANDARD_LIBRARIES = YES;
				BUNDLE_LOADER = "$(TEST_HOST)";
				DEVELOPMENT_TEAM = PCSQWGA23G;
				INFOPLIST_FILE = TagDesignerTests/Info.plist;
				LD_RUNPATH_SEARCH_PATHS = "$(inherited) @executable_path/Frameworks @loader_path/Frameworks";
				PRODUCT_BUNDLE_IDENTIFIER = com.TitonSoft.TagDesignerTests;
				PRODUCT_NAME = "$(TARGET_NAME)";
				SWIFT_VERSION = 3.0;
				TEST_HOST = "$(BUILT_PRODUCTS_DIR)/TagDesigner.app/TagDesigner";
			};
			name = Release;
		};
		79F878DE1EE0648500516CD7 /* Debug */ = {
			isa = XCBuildConfiguration;
			baseConfigurationReference = 5AE797994EE32B3F37FAE8C8 /* Pods-TagDesignerUITests.debug.xcconfig */;
			buildSettings = {
				ALWAYS_EMBED_SWIFT_STANDARD_LIBRARIES = YES;
				DEVELOPMENT_TEAM = PCSQWGA23G;
				INFOPLIST_FILE = TagDesignerUITests/Info.plist;
				LD_RUNPATH_SEARCH_PATHS = "$(inherited) @executable_path/Frameworks @loader_path/Frameworks";
				PRODUCT_BUNDLE_IDENTIFIER = com.TitonSoft.TagDesignerUITests;
				PRODUCT_NAME = "$(TARGET_NAME)";
				SWIFT_VERSION = 3.0;
				TEST_TARGET_NAME = TagDesigner;
			};
			name = Debug;
		};
		79F878DF1EE0648500516CD7 /* Release */ = {
			isa = XCBuildConfiguration;
			baseConfigurationReference = 571233A5AC8D1CA2C134CC6C /* Pods-TagDesignerUITests.release.xcconfig */;
			buildSettings = {
				ALWAYS_EMBED_SWIFT_STANDARD_LIBRARIES = YES;
				DEVELOPMENT_TEAM = PCSQWGA23G;
				INFOPLIST_FILE = TagDesignerUITests/Info.plist;
				LD_RUNPATH_SEARCH_PATHS = "$(inherited) @executable_path/Frameworks @loader_path/Frameworks";
				PRODUCT_BUNDLE_IDENTIFIER = com.TitonSoft.TagDesignerUITests;
				PRODUCT_NAME = "$(TARGET_NAME)";
				SWIFT_VERSION = 3.0;
				TEST_TARGET_NAME = TagDesigner;
			};
			name = Release;
		};
/* End XCBuildConfiguration section */

/* Begin XCConfigurationList section */
		79F878AA1EE0648500516CD7 /* Build configuration list for PBXProject "TagDesigner" */ = {
			isa = XCConfigurationList;
			buildConfigurations = (
				79F878D51EE0648500516CD7 /* Debug */,
				79F878D61EE0648500516CD7 /* Release */,
			);
			defaultConfigurationIsVisible = 0;
			defaultConfigurationName = Release;
		};
		79F878D71EE0648500516CD7 /* Build configuration list for PBXNativeTarget "TagDesigner" */ = {
			isa = XCConfigurationList;
			buildConfigurations = (
				79F878D81EE0648500516CD7 /* Debug */,
				79F878D91EE0648500516CD7 /* Release */,
			);
			defaultConfigurationIsVisible = 0;
			defaultConfigurationName = Release;
		};
		79F878DA1EE0648500516CD7 /* Build configuration list for PBXNativeTarget "TagDesignerTests" */ = {
			isa = XCConfigurationList;
			buildConfigurations = (
				79F878DB1EE0648500516CD7 /* Debug */,
				79F878DC1EE0648500516CD7 /* Release */,
			);
			defaultConfigurationIsVisible = 0;
			defaultConfigurationName = Release;
		};
		79F878DD1EE0648500516CD7 /* Build configuration list for PBXNativeTarget "TagDesignerUITests" */ = {
			isa = XCConfigurationList;
			buildConfigurations = (
				79F878DE1EE0648500516CD7 /* Debug */,
				79F878DF1EE0648500516CD7 /* Release */,
			);
			defaultConfigurationIsVisible = 0;
			defaultConfigurationName = Release;
		};
/* End XCConfigurationList section */
	};
	rootObject = 79F878A71EE0648500516CD7 /* Project object */;
}
